
Microsoft Visual Studio Solution File, Format Version 12.00
# Visual Studio Version 16
VisualStudioVersion = 16.0.31005.135
MinimumVisualStudioVersion = 10.0.40219.1
Project("{FAE04EC0-301F-11D3-BF4B-00C04F79EFBC}") = "sms_notification", "sms_notification\sms_notification.csproj", "{B63D524B-7651-4D75-A5E7-B361E8FA4F12}"
EndProject
Global
	GlobalSection(SolutionConfigurationPlatforms) = preSolution
		Debug|Any CPU = Debug|Any CPU
		Release|Any CPU = Release|Any CPU
	EndGlobalSection
	GlobalSection(ProjectConfigurationPlatforms) = postSolution
		{B63D524B-7651-4D75-A5E7-B361E8FA4F12}.Debug|Any CPU.ActiveCfg = Debug|Any CPU
		{B63D524B-7651-4D75-A5E7-B361E8FA4F12}.Debug|Any CPU.Build.0 = Debug|Any CPU
		{B63D524B-7651-4D75-A5E7-B361E8FA4F12}.Release|Any CPU.ActiveCfg = Release|Any CPU
		{B63D524B-7651-4D75-A5E7-B361E8FA4F12}.Release|Any CPU.Build.0 = Release|Any CPU
	EndGlobalSection
	GlobalSection(SolutionProperties) = preSolution
		HideSolutionNode = FALSE
	EndGlobalSection
	GlobalSection(ExtensibilityGlobals) = postSolution
		SolutionGuid = {F00F34BA-15CC-4091-BA8D-B1628C46C1B1}
	EndGlobalSection
EndGlobal
